
Microsoft Visual Studio Solution File, Format Version 12.00
# Visual Studio Version 16
VisualStudioVersion = 16.0.31313.79
MinimumVisualStudioVersion = 10.0.40219.1
Project("{FAE04EC0-301F-11D3-BF4B-00C04F79EFBC}") = "Assignment6", "Assignment6.csproj", "{FBFCBB32-1641-42CD-A926-B6EFE418EA44}"
EndProject
Global
	GlobalSection(SolutionConfigurationPlatforms) = preSolution
		Debug|Any CPU = Debug|Any CPU
		Release|Any CPU = Release|Any CPU
	EndGlobalSection
	GlobalSection(ProjectConfigurationPlatforms) = postSolution
		{FBFCBB32-1641-42CD-A926-B6EFE418EA44}.Debug|Any CPU.ActiveCfg = Debug|Any CPU
		{FBFCBB32-1641-42CD-A926-B6EFE418EA44}.Debug|Any CPU.Build.0 = Debug|Any CPU
		{FBFCBB32-1641-42CD-A926-B6EFE418EA44}.Release|Any CPU.ActiveCfg = Release|Any CPU
		{FBFCBB32-1641-42CD-A926-B6EFE418EA44}.Release|Any CPU.Build.0 = Release|Any CPU
	EndGlobalSection
	GlobalSection(SolutionProperties) = preSolution
		HideSolutionNode = FALSE
	EndGlobalSection
	GlobalSection(ExtensibilityGlobals) = postSolution
		SolutionGuid = {1487A5B3-A32F-4F2D-8572-1E021D57D480}
	EndGlobalSection
EndGlobal
